
Microsoft Visual Studio Solution File, Format Version 12.00
# Visual Studio 14
VisualStudioVersion = 14.0.25420.1
MinimumVisualStudioVersion = 10.0.40219.1
Project("{159641D6-6404-4A2A-AE62-294DE0FE8301}") = "SSIS_Sample_2014", "SSIS_Sample_2014\SSIS_Sample_2014.dtproj", "{B1FE4FB2-6277-4DA6-A2D5-3372584974F9}"
EndProject
Global
	GlobalSection(SolutionConfigurationPlatforms) = preSolution
		Development|Default = Development|Default
	EndGlobalSection
	GlobalSection(ProjectConfigurationPlatforms) = postSolution
		{B1FE4FB2-6277-4DA6-A2D5-3372584974F9}.Development|Default.ActiveCfg = Development
		{B1FE4FB2-6277-4DA6-A2D5-3372584974F9}.Development|Default.Build.0 = Development
	EndGlobalSection
	GlobalSection(SolutionProperties) = preSolution
		HideSolutionNode = FALSE
	EndGlobalSection
	GlobalSection(TeamFoundationVersionControl) = preSolution
		SccNumberOfProjects = 2
		SccEnterpriseProvider = {4CA58AB2-18FA-4F8D-95D4-32DDF27D184C}
		SccTeamFoundationServer = https://tfs.codeplex.com/tfs/tfs02
		SccProjectUniqueName0 = SSIS_Sample_2014\\SSIS_Sample_2014.dtproj
		SccProjectName0 = SSIS_Sample_2014
		SccLocalPath0 = SSIS_Sample_2014
		SccLocalPath1 = .
	EndGlobalSection
EndGlobal
